
Microsoft Visual Studio Solution File, Format Version 12.00
# Visual Studio 2012
Project("{FAE04EC0-301F-11D3-BF4B-00C04F79EFBC}") = "MyAutomation", "MyAutomation.csproj", "{A68854F3-83A0-46FF-9ED4-E3C7524D8A8C}"
EndProject
Project("{FAE04EC0-301F-11D3-BF4B-00C04F79EFBC}") = "ExtractViberContacts", "..\ExtractViberContacts\ExtractViberContacts.csproj", "{4D7683A6-2176-4AFF-8963-4CCF4FD46BF1}"
EndProject
Global
	GlobalSection(SolutionConfigurationPlatforms) = preSolution
		Debug|Any CPU = Debug|Any CPU
		Release|Any CPU = Release|Any CPU
	EndGlobalSection
	GlobalSection(ProjectConfigurationPlatforms) = postSolution
		{A68854F3-83A0-46FF-9ED4-E3C7524D8A8C}.Debug|Any CPU.ActiveCfg = Debug|Any CPU
		{A68854F3-83A0-46FF-9ED4-E3C7524D8A8C}.Debug|Any CPU.Build.0 = Debug|Any CPU
		{A68854F3-83A0-46FF-9ED4-E3C7524D8A8C}.Release|Any CPU.ActiveCfg = Release|Any CPU
		{A68854F3-83A0-46FF-9ED4-E3C7524D8A8C}.Release|Any CPU.Build.0 = Release|Any CPU
		{4D7683A6-2176-4AFF-8963-4CCF4FD46BF1}.Debug|Any CPU.ActiveCfg = Debug|Any CPU
		{4D7683A6-2176-4AFF-8963-4CCF4FD46BF1}.Debug|Any CPU.Build.0 = Debug|Any CPU
		{4D7683A6-2176-4AFF-8963-4CCF4FD46BF1}.Release|Any CPU.ActiveCfg = Release|Any CPU
		{4D7683A6-2176-4AFF-8963-4CCF4FD46BF1}.Release|Any CPU.Build.0 = Release|Any CPU
	EndGlobalSection
	GlobalSection(SolutionProperties) = preSolution
		HideSolutionNode = FALSE
	EndGlobalSection
EndGlobal
