
Microsoft Visual Studio Solution File, Format Version 12.00
# Visual Studio 2012
Project("{FAE04EC0-301F-11D3-BF4B-00C04F79EFBC}") = "AutomateStuff", "AutomateStuff\AutomateStuff.csproj", "{FC4105CB-BC6B-4044-88DA-352837F1DC14}"
EndProject
Project("{FAE04EC0-301F-11D3-BF4B-00C04F79EFBC}") = "MyAutomation", "..\GUI\MyAutomation\MyAutomation.csproj", "{A68854F3-83A0-46FF-9ED4-E3C7524D8A8C}"
EndProject
Project("{FAE04EC0-301F-11D3-BF4B-00C04F79EFBC}") = "HelloWpfApp", "..\HelloWpfApp\HelloWpfApp\HelloWpfApp.csproj", "{C5DA1EAC-E23D-44FF-8EA9-850238B8FA0C}"
EndProject
Project("{FAE04EC0-301F-11D3-BF4B-00C04F79EFBC}") = "UIAutomationTry", "UIAutomationTry\UIAutomationTry.csproj", "{347E7762-EBC5-451A-8E3E-0ECF8EFB4A70}"
EndProject
Project("{FAE04EC0-301F-11D3-BF4B-00C04F79EFBC}") = "AutoItWrapper", "AutoItWrapper\AutoItWrapper.csproj", "{EA38C8D5-A79D-4CD9-8779-5C792E8B4374}"
EndProject
Global
	GlobalSection(SolutionConfigurationPlatforms) = preSolution
		Debug|Any CPU = Debug|Any CPU
		Release|Any CPU = Release|Any CPU
	EndGlobalSection
	GlobalSection(ProjectConfigurationPlatforms) = postSolution
		{FC4105CB-BC6B-4044-88DA-352837F1DC14}.Debug|Any CPU.ActiveCfg = Debug|Any CPU
		{FC4105CB-BC6B-4044-88DA-352837F1DC14}.Debug|Any CPU.Build.0 = Debug|Any CPU
		{FC4105CB-BC6B-4044-88DA-352837F1DC14}.Release|Any CPU.ActiveCfg = Release|Any CPU
		{FC4105CB-BC6B-4044-88DA-352837F1DC14}.Release|Any CPU.Build.0 = Release|Any CPU
		{A68854F3-83A0-46FF-9ED4-E3C7524D8A8C}.Debug|Any CPU.ActiveCfg = Debug|Any CPU
		{A68854F3-83A0-46FF-9ED4-E3C7524D8A8C}.Debug|Any CPU.Build.0 = Debug|Any CPU
		{A68854F3-83A0-46FF-9ED4-E3C7524D8A8C}.Release|Any CPU.ActiveCfg = Release|Any CPU
		{A68854F3-83A0-46FF-9ED4-E3C7524D8A8C}.Release|Any CPU.Build.0 = Release|Any CPU
		{C5DA1EAC-E23D-44FF-8EA9-850238B8FA0C}.Debug|Any CPU.ActiveCfg = Debug|Any CPU
		{C5DA1EAC-E23D-44FF-8EA9-850238B8FA0C}.Debug|Any CPU.Build.0 = Debug|Any CPU
		{C5DA1EAC-E23D-44FF-8EA9-850238B8FA0C}.Release|Any CPU.ActiveCfg = Release|Any CPU
		{C5DA1EAC-E23D-44FF-8EA9-850238B8FA0C}.Release|Any CPU.Build.0 = Release|Any CPU
		{347E7762-EBC5-451A-8E3E-0ECF8EFB4A70}.Debug|Any CPU.ActiveCfg = Debug|Any CPU
		{347E7762-EBC5-451A-8E3E-0ECF8EFB4A70}.Debug|Any CPU.Build.0 = Debug|Any CPU
		{347E7762-EBC5-451A-8E3E-0ECF8EFB4A70}.Release|Any CPU.ActiveCfg = Release|Any CPU
		{347E7762-EBC5-451A-8E3E-0ECF8EFB4A70}.Release|Any CPU.Build.0 = Release|Any CPU
		{EA38C8D5-A79D-4CD9-8779-5C792E8B4374}.Debug|Any CPU.ActiveCfg = Debug|Any CPU
		{EA38C8D5-A79D-4CD9-8779-5C792E8B4374}.Debug|Any CPU.Build.0 = Debug|Any CPU
		{EA38C8D5-A79D-4CD9-8779-5C792E8B4374}.Release|Any CPU.ActiveCfg = Release|Any CPU
		{EA38C8D5-A79D-4CD9-8779-5C792E8B4374}.Release|Any CPU.Build.0 = Release|Any CPU
	EndGlobalSection
	GlobalSection(SolutionProperties) = preSolution
		HideSolutionNode = FALSE
	EndGlobalSection
EndGlobal
